// !$*UTF8*$!
{
	archiveVersion = 1;
	classes = {
	};
	objectVersion = 56;
	objects = {

/* Begin PBXBuildFile section */
		C938284F2C4F98ED002B2040 /* TestApp Watch App.app in Embed Watch Content */ = {isa = PBXBuildFile; fileRef = C938284E2C4F98ED002B2040 /* TestApp Watch App.app */; settings = {ATTRIBUTES = (RemoveHeadersOnCopy, ); }; };
		C93828542C4F98ED002B2040 /* TestAppApp.swift in Sources */ = {isa = PBXBuildFile; fileRef = C93828532C4F98ED002B2040 /* TestAppApp.swift */; };
		C93828562C4F98ED002B2040 /* ContentView.swift in Sources */ = {isa = PBXBuildFile; fileRef = C93828552C4F98ED002B2040 /* ContentView.swift */; };
		C93828582C4F98EF002B2040 /* Assets.xcassets in Resources */ = {isa = PBXBuildFile; fileRef = C93828572C4F98EF002B2040 /* Assets.xcassets */; };
		C938285B2C4F98EF002B2040 /* Preview Assets.xcassets in Resources */ = {isa = PBXBuildFile; fileRef = C938285A2C4F98EF002B2040 /* Preview Assets.xcassets */; };
		C93828652C4F98EF002B2040 /* TestApp_Watch_AppTests.swift in Sources */ = {isa = PBXBuildFile; fileRef = C93828642C4F98EF002B2040 /* TestApp_Watch_AppTests.swift */; };
		C938286F2C4F98EF002B2040 /* TestApp_Watch_AppUITests.swift in Sources */ = {isa = PBXBuildFile; fileRef = C938286E2C4F98EF002B2040 /* TestApp_Watch_AppUITests.swift */; };
		C93828712C4F98EF002B2040 /* TestApp_Watch_AppUITestsLaunchTests.swift in Sources */ = {isa = PBXBuildFile; fileRef = C93828702C4F98EF002B2040 /* TestApp_Watch_AppUITestsLaunchTests.swift */; };
		C94B35C02C9E7E16006A7021 /* OptionsView.swift in Sources */ = {isa = PBXBuildFile; fileRef = C94B35BF2C9E7E16006A7021 /* OptionsView.swift */; };
		C94F88DC2C9D2FC40046B949 /* HomeView.swift in Sources */ = {isa = PBXBuildFile; fileRef = C94F88DB2C9D2FC40046B949 /* HomeView.swift */; };
		C98262BA2C8130B3002D63CB /* ScoreView.swift in Sources */ = {isa = PBXBuildFile; fileRef = C98262B92C8130B3002D63CB /* ScoreView.swift */; };
		C98262BC2C817C20002D63CB /* BallView.swift in Sources */ = {isa = PBXBuildFile; fileRef = C98262BB2C817C20002D63CB /* BallView.swift */; };
		C98262BE2C817F48002D63CB /* GameOverView.swift in Sources */ = {isa = PBXBuildFile; fileRef = C98262BD2C817F48002D63CB /* GameOverView.swift */; };
		C98262C02C81AA97002D63CB /* GameController.swift in Sources */ = {isa = PBXBuildFile; fileRef = C98262BF2C81AA97002D63CB /* GameController.swift */; };
		C98262C22C835F61002D63CB /* PauseView.swift in Sources */ = {isa = PBXBuildFile; fileRef = C98262C12C835F61002D63CB /* PauseView.swift */; };
		C9A519E92C7C74120099FFC3 /* PaddleView.swift in Sources */ = {isa = PBXBuildFile; fileRef = C9A519E82C7C74120099FFC3 /* PaddleView.swift */; };
		C9FB9FC52C8701CF00E4EB6E /* TextView.swift in Sources */ = {isa = PBXBuildFile; fileRef = C9FB9FC42C8701CF00E4EB6E /* TextView.swift */; };
/* End PBXBuildFile section */

/* Begin PBXContainerItemProxy section */
		C93828502C4F98ED002B2040 /* PBXContainerItemProxy */ = {
			isa = PBXContainerItemProxy;
			containerPortal = C93828422C4F98ED002B2040 /* Project object */;
			proxyType = 1;
			remoteGlobalIDString = C938284D2C4F98ED002B2040;
			remoteInfo = "TestApp Watch App";
		};
		C93828612C4F98EF002B2040 /* PBXContainerItemProxy */ = {
			isa = PBXContainerItemProxy;
			containerPortal = C93828422C4F98ED002B2040 /* Project object */;
			proxyType = 1;
			remoteGlobalIDString = C938284D2C4F98ED002B2040;
			remoteInfo = "TestApp Watch App";
		};
		C938286B2C4F98EF002B2040 /* PBXContainerItemProxy */ = {
			isa = PBXContainerItemProxy;
			containerPortal = C93828422C4F98ED002B2040 /* Project object */;
			proxyType = 1;
			remoteGlobalIDString = C938284D2C4F98ED002B2040;
			remoteInfo = "TestApp Watch App";
		};
/* End PBXContainerItemProxy section */

/* Begin PBXCopyFilesBuildPhase section */
		C93828772C4F98EF002B2040 /* Embed Watch Content */ = {
			isa = PBXCopyFilesBuildPhase;
			buildActionMask = 2147483647;
			dstPath = "$(CONTENTS_FOLDER_PATH)/Watch";
			dstSubfolderSpec = 16;
			files = (
				C938284F2C4F98ED002B2040 /* TestApp Watch App.app in Embed Watch Content */,
			);
			name = "Embed Watch Content";
			runOnlyForDeploymentPostprocessing = 0;
		};
/* End PBXCopyFilesBuildPhase section */

/* Begin PBXFileReference section */
		C93828482C4F98ED002B2040 /* TestApp.app */ = {isa = PBXFileReference; explicitFileType = wrapper.application; includeInIndex = 0; path = TestApp.app; sourceTree = BUILT_PRODUCTS_DIR; };
		C938284E2C4F98ED002B2040 /* TestApp Watch App.app */ = {isa = PBXFileReference; explicitFileType = wrapper.application; includeInIndex = 0; path = "TestApp Watch App.app"; sourceTree = BUILT_PRODUCTS_DIR; };
		C93828532C4F98ED002B2040 /* TestAppApp.swift */ = {isa = PBXFileReference; lastKnownFileType = sourcecode.swift; path = TestAppApp.swift; sourceTree = "<group>"; };
		C93828552C4F98ED002B2040 /* ContentView.swift */ = {isa = PBXFileReference; lastKnownFileType = sourcecode.swift; path = ContentView.swift; sourceTree = "<group>"; };
		C93828572C4F98EF002B2040 /* Assets.xcassets */ = {isa = PBXFileReference; lastKnownFileType = folder.assetcatalog; path = Assets.xcassets; sourceTree = "<group>"; };
		C938285A2C4F98EF002B2040 /* Preview Assets.xcassets */ = {isa = PBXFileReference; lastKnownFileType = folder.assetcatalog; path = "Preview Assets.xcassets"; sourceTree = "<group>"; };
		C93828602C4F98EF002B2040 /* TestApp Watch AppTests.xctest */ = {isa = PBXFileReference; explicitFileType = wrapper.cfbundle; includeInIndex = 0; path = "TestApp Watch AppTests.xctest"; sourceTree = BUILT_PRODUCTS_DIR; };
		C93828642C4F98EF002B2040 /* TestApp_Watch_AppTests.swift */ = {isa = PBXFileReference; lastKnownFileType = sourcecode.swift; path = TestApp_Watch_AppTests.swift; sourceTree = "<group>"; };
		C938286A2C4F98EF002B2040 /* TestApp Watch AppUITests.xctest */ = {isa = PBXFileReference; explicitFileType = wrapper.cfbundle; includeInIndex = 0; path = "TestApp Watch AppUITests.xctest"; sourceTree = BUILT_PRODUCTS_DIR; };
		C938286E2C4F98EF002B2040 /* TestApp_Watch_AppUITests.swift */ = {isa = PBXFileReference; lastKnownFileType = sourcecode.swift; path = TestApp_Watch_AppUITests.swift; sourceTree = "<group>"; };
		C93828702C4F98EF002B2040 /* TestApp_Watch_AppUITestsLaunchTests.swift */ = {isa = PBXFileReference; lastKnownFileType = sourcecode.swift; path = TestApp_Watch_AppUITestsLaunchTests.swift; sourceTree = "<group>"; };
		C94B35BF2C9E7E16006A7021 /* OptionsView.swift */ = {isa = PBXFileReference; lastKnownFileType = sourcecode.swift; path = OptionsView.swift; sourceTree = "<group>"; };
		C94F88DB2C9D2FC40046B949 /* HomeView.swift */ = {isa = PBXFileReference; lastKnownFileType = sourcecode.swift; path = HomeView.swift; sourceTree = "<group>"; };
		C98262B92C8130B3002D63CB /* ScoreView.swift */ = {isa = PBXFileReference; lastKnownFileType = sourcecode.swift; path = ScoreView.swift; sourceTree = "<group>"; };
		C98262BB2C817C20002D63CB /* BallView.swift */ = {isa = PBXFileReference; lastKnownFileType = sourcecode.swift; path = BallView.swift; sourceTree = "<group>"; };
		C98262BD2C817F48002D63CB /* GameOverView.swift */ = {isa = PBXFileReference; lastKnownFileType = sourcecode.swift; path = GameOverView.swift; sourceTree = "<group>"; };
		C98262BF2C81AA97002D63CB /* GameController.swift */ = {isa = PBXFileReference; lastKnownFileType = sourcecode.swift; path = GameController.swift; sourceTree = "<group>"; };
		C98262C12C835F61002D63CB /* PauseView.swift */ = {isa = PBXFileReference; lastKnownFileType = sourcecode.swift; path = PauseView.swift; sourceTree = "<group>"; };
		C9A519E82C7C74120099FFC3 /* PaddleView.swift */ = {isa = PBXFileReference; lastKnownFileType = sourcecode.swift; path = PaddleView.swift; sourceTree = "<group>"; };
		C9FB9FC42C8701CF00E4EB6E /* TextView.swift */ = {isa = PBXFileReference; lastKnownFileType = sourcecode.swift; path = TextView.swift; sourceTree = "<group>"; };
/* End PBXFileReference section */

/* Begin PBXFrameworksBuildPhase section */
		C938284B2C4F98ED002B2040 /* Frameworks */ = {
			isa = PBXFrameworksBuildPhase;
			buildActionMask = 2147483647;
			files = (
			);
			runOnlyForDeploymentPostprocessing = 0;
		};
		C938285D2C4F98EF002B2040 /* Frameworks */ = {
			isa = PBXFrameworksBuildPhase;
			buildActionMask = 2147483647;
			files = (
			);
			runOnlyForDeploymentPostprocessing = 0;
		};
		C93828672C4F98EF002B2040 /* Frameworks */ = {
			isa = PBXFrameworksBuildPhase;
			buildActionMask = 2147483647;
			files = (
			);
			runOnlyForDeploymentPostprocessing = 0;
		};
/* End PBXFrameworksBuildPhase section */

/* Begin PBXGroup section */
		C93828412C4F98ED002B2040 = {
			isa = PBXGroup;
			children = (
				C93828522C4F98ED002B2040 /* TestApp Watch App */,
				C93828632C4F98EF002B2040 /* TestApp Watch AppTests */,
				C938286D2C4F98EF002B2040 /* TestApp Watch AppUITests */,
				C93828492C4F98ED002B2040 /* Products */,
			);
			sourceTree = "<group>";
		};
		C93828492C4F98ED002B2040 /* Products */ = {
			isa = PBXGroup;
			children = (
				C93828482C4F98ED002B2040 /* TestApp.app */,
				C938284E2C4F98ED002B2040 /* TestApp Watch App.app */,
				C93828602C4F98EF002B2040 /* TestApp Watch AppTests.xctest */,
				C938286A2C4F98EF002B2040 /* TestApp Watch AppUITests.xctest */,
			);
			name = Products;
			sourceTree = "<group>";
		};
		C93828522C4F98ED002B2040 /* TestApp Watch App */ = {
			isa = PBXGroup;
			children = (
				C93828532C4F98ED002B2040 /* TestAppApp.swift */,
				C94F88DB2C9D2FC40046B949 /* HomeView.swift */,
				C94B35BF2C9E7E16006A7021 /* OptionsView.swift */,
				C93828552C4F98ED002B2040 /* ContentView.swift */,
				C98262C12C835F61002D63CB /* PauseView.swift */,
				C98262BF2C81AA97002D63CB /* GameController.swift */,
				C98262BD2C817F48002D63CB /* GameOverView.swift */,
				C9FB9FC42C8701CF00E4EB6E /* TextView.swift */,
				C98262BB2C817C20002D63CB /* BallView.swift */,
				C9A519E82C7C74120099FFC3 /* PaddleView.swift */,
				C98262B92C8130B3002D63CB /* ScoreView.swift */,
				C93828572C4F98EF002B2040 /* Assets.xcassets */,
				C93828592C4F98EF002B2040 /* Preview Content */,
			);
			path = "TestApp Watch App";
			sourceTree = "<group>";
		};
		C93828592C4F98EF002B2040 /* Preview Content */ = {
			isa = PBXGroup;
			children = (
				C938285A2C4F98EF002B2040 /* Preview Assets.xcassets */,
			);
			path = "Preview Content";
			sourceTree = "<group>";
		};
		C93828632C4F98EF002B2040 /* TestApp Watch AppTests */ = {
			isa = PBXGroup;
			children = (
				C93828642C4F98EF002B2040 /* TestApp_Watch_AppTests.swift */,
			);
			path = "TestApp Watch AppTests";
			sourceTree = "<group>";
		};
		C938286D2C4F98EF002B2040 /* TestApp Watch AppUITests */ = {
			isa = PBXGroup;
			children = (
				C938286E2C4F98EF002B2040 /* TestApp_Watch_AppUITests.swift */,
				C93828702C4F98EF002B2040 /* TestApp_Watch_AppUITestsLaunchTests.swift */,
			);
			path = "TestApp Watch AppUITests";
			sourceTree = "<group>";
		};
/* End PBXGroup section */

/* Begin PBXNativeTarget section */
		C93828472C4F98ED002B2040 /* TestApp */ = {
			isa = PBXNativeTarget;
			buildConfigurationList = C93828782C4F98EF002B2040 /* Build configuration list for PBXNativeTarget "TestApp" */;
			buildPhases = (
				C93828462C4F98ED002B2040 /* Resources */,
				C93828772C4F98EF002B2040 /* Embed Watch Content */,
			);
			buildRules = (
			);
			dependencies = (
				C93828512C4F98ED002B2040 /* PBXTargetDependency */,
			);
			name = TestApp;
			productName = TestApp;
			productReference = C93828482C4F98ED002B2040 /* TestApp.app */;
			productType = "com.apple.product-type.application.watchapp2-container";
		};
		C938284D2C4F98ED002B2040 /* TestApp Watch App */ = {
			isa = PBXNativeTarget;
			buildConfigurationList = C93828742C4F98EF002B2040 /* Build configuration list for PBXNativeTarget "TestApp Watch App" */;
			buildPhases = (
				C938284A2C4F98ED002B2040 /* Sources */,
				C938284B2C4F98ED002B2040 /* Frameworks */,
				C938284C2C4F98ED002B2040 /* Resources */,
			);
			buildRules = (
			);
			dependencies = (
			);
			name = "TestApp Watch App";
			productName = "TestApp Watch App";
			productReference = C938284E2C4F98ED002B2040 /* TestApp Watch App.app */;
			productType = "com.apple.product-type.application";
		};
		C938285F2C4F98EF002B2040 /* TestApp Watch AppTests */ = {
			isa = PBXNativeTarget;
			buildConfigurationList = C938287B2C4F98EF002B2040 /* Build configuration list for PBXNativeTarget "TestApp Watch AppTests" */;
			buildPhases = (
				C938285C2C4F98EF002B2040 /* Sources */,
				C938285D2C4F98EF002B2040 /* Frameworks */,
				C938285E2C4F98EF002B2040 /* Resources */,
			);
			buildRules = (
			);
			dependencies = (
				C93828622C4F98EF002B2040 /* PBXTargetDependency */,
			);
			name = "TestApp Watch AppTests";
			productName = "TestApp Watch AppTests";
			productReference = C93828602C4F98EF002B2040 /* TestApp Watch AppTests.xctest */;
			productType = "com.apple.product-type.bundle.unit-test";
		};
		C93828692C4F98EF002B2040 /* TestApp Watch AppUITests */ = {
			isa = PBXNativeTarget;
			buildConfigurationList = C938287E2C4F98EF002B2040 /* Build configuration list for PBXNativeTarget "TestApp Watch AppUITests" */;
			buildPhases = (
				C93828662C4F98EF002B2040 /* Sources */,
				C93828672C4F98EF002B2040 /* Frameworks */,
				C93828682C4F98EF002B2040 /* Resources */,
			);
			buildRules = (
			);
			dependencies = (
				C938286C2C4F98EF002B2040 /* PBXTargetDependency */,
			);
			name = "TestApp Watch AppUITests";
			productName = "TestApp Watch AppUITests";
			productReference = C938286A2C4F98EF002B2040 /* TestApp Watch AppUITests.xctest */;
			productType = "com.apple.product-type.bundle.ui-testing";
		};
/* End PBXNativeTarget section */

/* Begin PBXProject section */
		C93828422C4F98ED002B2040 /* Project object */ = {
			isa = PBXProject;
			attributes = {
				BuildIndependentTargetsInParallel = 1;
				LastSwiftUpdateCheck = 1540;
				LastUpgradeCheck = 1540;
				TargetAttributes = {
					C93828472C4F98ED002B2040 = {
						CreatedOnToolsVersion = 15.4;
					};
					C938284D2C4F98ED002B2040 = {
						CreatedOnToolsVersion = 15.4;
					};
					C938285F2C4F98EF002B2040 = {
						CreatedOnToolsVersion = 15.4;
						TestTargetID = C938284D2C4F98ED002B2040;
					};
					C93828692C4F98EF002B2040 = {
						CreatedOnToolsVersion = 15.4;
						TestTargetID = C938284D2C4F98ED002B2040;
					};
				};
			};
			buildConfigurationList = C93828452C4F98ED002B2040 /* Build configuration list for PBXProject "TestApp" */;
			compatibilityVersion = "Xcode 14.0";
			developmentRegion = en;
			hasScannedForEncodings = 0;
			knownRegions = (
				en,
				Base,
			);
			mainGroup = C93828412C4F98ED002B2040;
			productRefGroup = C93828492C4F98ED002B2040 /* Products */;
			projectDirPath = "";
			projectRoot = "";
			targets = (
				C93828472C4F98ED002B2040 /* TestApp */,
				C938284D2C4F98ED002B2040 /* TestApp Watch App */,
				C938285F2C4F98EF002B2040 /* TestApp Watch AppTests */,
				C93828692C4F98EF002B2040 /* TestApp Watch AppUITests */,
			);
		};
/* End PBXProject section */

/* Begin PBXResourcesBuildPhase section */
		C93828462C4F98ED002B2040 /* Resources */ = {
			isa = PBXResourcesBuildPhase;
			buildActionMask = 2147483647;
			files = (
			);
			runOnlyForDeploymentPostprocessing = 0;
		};
		C938284C2C4F98ED002B2040 /* Resources */ = {
			isa = PBXResourcesBuildPhase;
			buildActionMask = 2147483647;
			files = (
				C938285B2C4F98EF002B2040 /* Preview Assets.xcassets in Resources */,
				C93828582C4F98EF002B2040 /* Assets.xcassets in Resources */,
			);
			runOnlyForDeploymentPostprocessing = 0;
		};
		C938285E2C4F98EF002B2040 /* Resources */ = {
			isa = PBXResourcesBuildPhase;
			buildActionMask = 2147483647;
			files = (
			);
			runOnlyForDeploymentPostprocessing = 0;
		};
		C93828682C4F98EF002B2040 /* Resources */ = {
			isa = PBXResourcesBuildPhase;
			buildActionMask = 2147483647;
			files = (
			);
			runOnlyForDeploymentPostprocessing = 0;
		};
/* End PBXResourcesBuildPhase section */

/* Begin PBXSourcesBuildPhase section */
		C938284A2C4F98ED002B2040 /* Sources */ = {
			isa = PBXSourcesBuildPhase;
			buildActionMask = 2147483647;
			files = (
				C93828562C4F98ED002B2040 /* ContentView.swift in Sources */,
				C98262BA2C8130B3002D63CB /* ScoreView.swift in Sources */,
				C9A519E92C7C74120099FFC3 /* PaddleView.swift in Sources */,
				C94F88DC2C9D2FC40046B949 /* HomeView.swift in Sources */,
				C98262C22C835F61002D63CB /* PauseView.swift in Sources */,
				C98262BC2C817C20002D63CB /* BallView.swift in Sources */,
				C98262BE2C817F48002D63CB /* GameOverView.swift in Sources */,
				C9FB9FC52C8701CF00E4EB6E /* TextView.swift in Sources */,
				C94B35C02C9E7E16006A7021 /* OptionsView.swift in Sources */,
				C93828542C4F98ED002B2040 /* TestAppApp.swift in Sources */,
				C98262C02C81AA97002D63CB /* GameController.swift in Sources */,
			);
			runOnlyForDeploymentPostprocessing = 0;
		};
		C938285C2C4F98EF002B2040 /* Sources */ = {
			isa = PBXSourcesBuildPhase;
			buildActionMask = 2147483647;
			files = (
				C93828652C4F98EF002B2040 /* TestApp_Watch_AppTests.swift in Sources */,
			);
			runOnlyForDeploymentPostprocessing = 0;
		};
		C93828662C4F98EF002B2040 /* Sources */ = {
			isa = PBXSourcesBuildPhase;
			buildActionMask = 2147483647;
			files = (
				C93828712C4F98EF002B2040 /* TestApp_Watch_AppUITestsLaunchTests.swift in Sources */,
				C938286F2C4F98EF002B2040 /* TestApp_Watch_AppUITests.swift in Sources */,
			);
			runOnlyForDeploymentPostprocessing = 0;
		};
/* End PBXSourcesBuildPhase section */

/* Begin PBXTargetDependency section */
		C93828512C4F98ED002B2040 /* PBXTargetDependency */ = {
			isa = PBXTargetDependency;
			target = C938284D2C4F98ED002B2040 /* TestApp Watch App */;
			targetProxy = C93828502C4F98ED002B2040 /* PBXContainerItemProxy */;
		};
		C93828622C4F98EF002B2040 /* PBXTargetDependency */ = {
			isa = PBXTargetDependency;
			target = C938284D2C4F98ED002B2040 /* TestApp Watch App */;
			targetProxy = C93828612C4F98EF002B2040 /* PBXContainerItemProxy */;
		};
		C938286C2C4F98EF002B2040 /* PBXTargetDependency */ = {
			isa = PBXTargetDependency;
			target = C938284D2C4F98ED002B2040 /* TestApp Watch App */;
			targetProxy = C938286B2C4F98EF002B2040 /* PBXContainerItemProxy */;
		};
/* End PBXTargetDependency section */

/* Begin XCBuildConfiguration section */
		C93828722C4F98EF002B2040 /* Debug */ = {
			isa = XCBuildConfiguration;
			buildSettings = {
				ALWAYS_SEARCH_USER_PATHS = NO;
				ASSETCATALOG_COMPILER_GENERATE_SWIFT_ASSET_SYMBOL_EXTENSIONS = YES;
				CLANG_ANALYZER_NONNULL = YES;
				CLANG_ANALYZER_NUMBER_OBJECT_CONVERSION = YES_AGGRESSIVE;
				CLANG_CXX_LANGUAGE_STANDARD = "gnu++20";
				CLANG_ENABLE_MODULES = YES;
				CLANG_ENABLE_OBJC_ARC = YES;
				CLANG_ENABLE_OBJC_WEAK = YES;
				CLANG_WARN_BLOCK_CAPTURE_AUTORELEASING = YES;
				CLANG_WARN_BOOL_CONVERSION = YES;
				CLANG_WARN_COMMA = YES;
				CLANG_WARN_CONSTANT_CONVERSION = YES;
				CLANG_WARN_DEPRECATED_OBJC_IMPLEMENTATIONS = YES;
				CLANG_WARN_DIRECT_OBJC_ISA_USAGE = YES_ERROR;
				CLANG_WARN_DOCUMENTATION_COMMENTS = YES;
				CLANG_WARN_EMPTY_BODY = YES;
				CLANG_WARN_ENUM_CONVERSION = YES;
				CLANG_WARN_INFINITE_RECURSION = YES;
				CLANG_WARN_INT_CONVERSION = YES;
				CLANG_WARN_NON_LITERAL_NULL_CONVERSION = YES;
				CLANG_WARN_OBJC_IMPLICIT_RETAIN_SELF = YES;
				CLANG_WARN_OBJC_LITERAL_CONVERSION = YES;
				CLANG_WARN_OBJC_ROOT_CLASS = YES_ERROR;
				CLANG_WARN_QUOTED_INCLUDE_IN_FRAMEWORK_HEADER = YES;
				CLANG_WARN_RANGE_LOOP_ANALYSIS = YES;
				CLANG_WARN_STRICT_PROTOTYPES = YES;
				CLANG_WARN_SUSPICIOUS_MOVE = YES;
				CLANG_WARN_UNGUARDED_AVAILABILITY = YES_AGGRESSIVE;
				CLANG_WARN_UNREACHABLE_CODE = YES;
				CLANG_WARN__DUPLICATE_METHOD_MATCH = YES;
				COPY_PHASE_STRIP = NO;
				DEBUG_INFORMATION_FORMAT = dwarf;
				ENABLE_STRICT_OBJC_MSGSEND = YES;
				ENABLE_TESTABILITY = YES;
				ENABLE_USER_SCRIPT_SANDBOXING = YES;
				GCC_C_LANGUAGE_STANDARD = gnu17;
				GCC_DYNAMIC_NO_PIC = NO;
				GCC_NO_COMMON_BLOCKS = YES;
				GCC_OPTIMIZATION_LEVEL = 0;
				GCC_PREPROCESSOR_DEFINITIONS = (
					"DEBUG=1",
					"$(inherited)",
				);
				GCC_WARN_64_TO_32_BIT_CONVERSION = YES;
				GCC_WARN_ABOUT_RETURN_TYPE = YES_ERROR;
				GCC_WARN_UNDECLARED_SELECTOR = YES;
				GCC_WARN_UNINITIALIZED_AUTOS = YES_AGGRESSIVE;
				GCC_WARN_UNUSED_FUNCTION = YES;
				GCC_WARN_UNUSED_VARIABLE = YES;
				LOCALIZATION_PREFERS_STRING_CATALOGS = YES;
				MTL_ENABLE_DEBUG_INFO = INCLUDE_SOURCE;
				MTL_FAST_MATH = YES;
				ONLY_ACTIVE_ARCH = YES;
				SWIFT_ACTIVE_COMPILATION_CONDITIONS = "DEBUG $(inherited)";
				SWIFT_OPTIMIZATION_LEVEL = "-Onone";
			};
			name = Debug;
		};
		C93828732C4F98EF002B2040 /* Release */ = {
			isa = XCBuildConfiguration;
			buildSettings = {
				ALWAYS_SEARCH_USER_PATHS = NO;
				ASSETCATALOG_COMPILER_GENERATE_SWIFT_ASSET_SYMBOL_EXTENSIONS = YES;
				CLANG_ANALYZER_NONNULL = YES;
				CLANG_ANALYZER_NUMBER_OBJECT_CONVERSION = YES_AGGRESSIVE;
				CLANG_CXX_LANGUAGE_STANDARD = "gnu++20";
				CLANG_ENABLE_MODULES = YES;
				CLANG_ENABLE_OBJC_ARC = YES;
				CLANG_ENABLE_OBJC_WEAK = YES;
				CLANG_WARN_BLOCK_CAPTURE_AUTORELEASING = YES;
				CLANG_WARN_BOOL_CONVERSION = YES;
				CLANG_WARN_COMMA = YES;
				CLANG_WARN_CONSTANT_CONVERSION = YES;
				CLANG_WARN_DEPRECATED_OBJC_IMPLEMENTATIONS = YES;
				CLANG_WARN_DIRECT_OBJC_ISA_USAGE = YES_ERROR;
				CLANG_WARN_DOCUMENTATION_COMMENTS = YES;
				CLANG_WARN_EMPTY_BODY = YES;
				CLANG_WARN_ENUM_CONVERSION = YES;
				CLANG_WARN_INFINITE_RECURSION = YES;
				CLANG_WARN_INT_CONVERSION = YES;
				CLANG_WARN_NON_LITERAL_NULL_CONVERSION = YES;
				CLANG_WARN_OBJC_IMPLICIT_RETAIN_SELF = YES;
				CLANG_WARN_OBJC_LITERAL_CONVERSION = YES;
				CLANG_WARN_OBJC_ROOT_CLASS = YES_ERROR;
				CLANG_WARN_QUOTED_INCLUDE_IN_FRAMEWORK_HEADER = YES;
				CLANG_WARN_RANGE_LOOP_ANALYSIS = YES;
				CLANG_WARN_STRICT_PROTOTYPES = YES;
				CLANG_WARN_SUSPICIOUS_MOVE = YES;
				CLANG_WARN_UNGUARDED_AVAILABILITY = YES_AGGRESSIVE;
				CLANG_WARN_UNREACHABLE_CODE = YES;
				CLANG_WARN__DUPLICATE_METHOD_MATCH = YES;
				COPY_PHASE_STRIP = NO;
				DEBUG_INFORMATION_FORMAT = "dwarf-with-dsym";
				ENABLE_NS_ASSERTIONS = NO;
				ENABLE_STRICT_OBJC_MSGSEND = YES;
				ENABLE_USER_SCRIPT_SANDBOXING = YES;
				GCC_C_LANGUAGE_STANDARD = gnu17;
				GCC_NO_COMMON_BLOCKS = YES;
				GCC_WARN_64_TO_32_BIT_CONVERSION = YES;
				GCC_WARN_ABOUT_RETURN_TYPE = YES_ERROR;
				GCC_WARN_UNDECLARED_SELECTOR = YES;
				GCC_WARN_UNINITIALIZED_AUTOS = YES_AGGRESSIVE;
				GCC_WARN_UNUSED_FUNCTION = YES;
				GCC_WARN_UNUSED_VARIABLE = YES;
				LOCALIZATION_PREFERS_STRING_CATALOGS = YES;
				MTL_ENABLE_DEBUG_INFO = NO;
				MTL_FAST_MATH = YES;
				SWIFT_COMPILATION_MODE = wholemodule;
			};
			name = Release;
		};
		C93828752C4F98EF002B2040 /* Debug */ = {
			isa = XCBuildConfiguration;
			buildSettings = {
				ASSETCATALOG_COMPILER_APPICON_NAME = AppIcon;
				ASSETCATALOG_COMPILER_GLOBAL_ACCENT_COLOR_NAME = AccentColor;
				CODE_SIGN_STYLE = Automatic;
				CURRENT_PROJECT_VERSION = 1;
				DEVELOPMENT_ASSET_PATHS = "\"TestApp Watch App/Preview Content\"";
				DEVELOPMENT_TEAM = AXQN2FKW9Y;
				ENABLE_PREVIEWS = YES;
				GENERATE_INFOPLIST_FILE = YES;
				INFOPLIST_KEY_CFBundleDisplayName = TestApp;
				INFOPLIST_KEY_UISupportedInterfaceOrientations = "UIInterfaceOrientationPortrait UIInterfaceOrientationPortraitUpsideDown";
				INFOPLIST_KEY_WKWatchOnly = YES;
				LD_RUNPATH_SEARCH_PATHS = (
					"$(inherited)",
					"@executable_path/Frameworks",
				);
				MARKETING_VERSION = 1.0;
				PRODUCT_BUNDLE_IDENTIFIER = MattBryant.TestApp.watchkitapp;
				PRODUCT_NAME = "$(TARGET_NAME)";
				SDKROOT = watchos;
				SKIP_INSTALL = YES;
				SWIFT_EMIT_LOC_STRINGS = YES;
				SWIFT_VERSION = 5.0;
				TARGETED_DEVICE_FAMILY = 4;
				WATCHOS_DEPLOYMENT_TARGET = 10.0;
			};
			name = Debug;
		};
		C93828762C4F98EF002B2040 /* Release */ = {
			isa = XCBuildConfiguration;
			buildSettings = {
				ASSETCATALOG_COMPILER_APPICON_NAME = AppIcon;
				ASSETCATALOG_COMPILER_GLOBAL_ACCENT_COLOR_NAME = AccentColor;
				CODE_SIGN_STYLE = Automatic;
				CURRENT_PROJECT_VERSION = 1;
				DEVELOPMENT_ASSET_PATHS = "\"TestApp Watch App/Preview Content\"";
				DEVELOPMENT_TEAM = AXQN2FKW9Y;
				ENABLE_PREVIEWS = YES;
				GENERATE_INFOPLIST_FILE = YES;
				INFOPLIST_KEY_CFBundleDisplayName = TestApp;
				INFOPLIST_KEY_UISupportedInterfaceOrientations = "UIInterfaceOrientationPortrait UIInterfaceOrientationPortraitUpsideDown";
				INFOPLIST_KEY_WKWatchOnly = YES;
				LD_RUNPATH_SEARCH_PATHS = (
					"$(inherited)",
					"@executable_path/Frameworks",
				);
				MARKETING_VERSION = 1.0;
				PRODUCT_BUNDLE_IDENTIFIER = MattBryant.TestApp.watchkitapp;
				PRODUCT_NAME = "$(TARGET_NAME)";
				SDKROOT = watchos;
				SKIP_INSTALL = YES;
				SWIFT_EMIT_LOC_STRINGS = YES;
				SWIFT_VERSION = 5.0;
				TARGETED_DEVICE_FAMILY = 4;
				VALIDATE_PRODUCT = YES;
				WATCHOS_DEPLOYMENT_TARGET = 10.0;
			};
			name = Release;
		};
		C93828792C4F98EF002B2040 /* Debug */ = {
			isa = XCBuildConfiguration;
			buildSettings = {
				ALWAYS_EMBED_SWIFT_STANDARD_LIBRARIES = YES;
				CODE_SIGN_STYLE = Automatic;
				CURRENT_PROJECT_VERSION = 1;
				DEVELOPMENT_TEAM = AXQN2FKW9Y;
				INFOPLIST_KEY_CFBundleDisplayName = TestApp;
				MARKETING_VERSION = 1.0;
				PRODUCT_BUNDLE_IDENTIFIER = MattBryant.TestApp;
				PRODUCT_NAME = "$(TARGET_NAME)";
				SDKROOT = iphoneos;
				SWIFT_VERSION = 5.0;
			};
			name = Debug;
		};
		C938287A2C4F98EF002B2040 /* Release */ = {
			isa = XCBuildConfiguration;
			buildSettings = {
				ALWAYS_EMBED_SWIFT_STANDARD_LIBRARIES = YES;
				CODE_SIGN_STYLE = Automatic;
				CURRENT_PROJECT_VERSION = 1;
				DEVELOPMENT_TEAM = AXQN2FKW9Y;
				INFOPLIST_KEY_CFBundleDisplayName = TestApp;
				MARKETING_VERSION = 1.0;
				PRODUCT_BUNDLE_IDENTIFIER = MattBryant.TestApp;
				PRODUCT_NAME = "$(TARGET_NAME)";
				SDKROOT = iphoneos;
				SWIFT_VERSION = 5.0;
				VALIDATE_PRODUCT = YES;
			};
			name = Release;
		};
		C938287C2C4F98EF002B2040 /* Debug */ = {
			isa = XCBuildConfiguration;
			buildSettings = {
				ALWAYS_EMBED_SWIFT_STANDARD_LIBRARIES = YES;
				BUNDLE_LOADER = "$(TEST_HOST)";
				CODE_SIGN_STYLE = Automatic;
				CURRENT_PROJECT_VERSION = 1;
				DEVELOPMENT_TEAM = AXQN2FKW9Y;
				GENERATE_INFOPLIST_FILE = YES;
				MARKETING_VERSION = 1.0;
				PRODUCT_BUNDLE_IDENTIFIER = "MattBryant.TestApp-Watch-AppTests";
				PRODUCT_NAME = "$(TARGET_NAME)";
				SDKROOT = watchos;
				SWIFT_EMIT_LOC_STRINGS = NO;
				SWIFT_VERSION = 5.0;
				TARGETED_DEVICE_FAMILY = 4;
				TEST_HOST = "$(BUILT_PRODUCTS_DIR)/TestApp Watch App.app/$(BUNDLE_EXECUTABLE_FOLDER_PATH)/TestApp Watch App";
				WATCHOS_DEPLOYMENT_TARGET = 10.0;
			};
			name = Debug;
		};
		C938287D2C4F98EF002B2040 /* Release */ = {
			isa = XCBuildConfiguration;
			buildSettings = {
				ALWAYS_EMBED_SWIFT_STANDARD_LIBRARIES = YES;
				BUNDLE_LOADER = "$(TEST_HOST)";
				CODE_SIGN_STYLE = Automatic;
				CURRENT_PROJECT_VERSION = 1;
				DEVELOPMENT_TEAM = AXQN2FKW9Y;
				GENERATE_INFOPLIST_FILE = YES;
				MARKETING_VERSION = 1.0;
				PRODUCT_BUNDLE_IDENTIFIER = "MattBryant.TestApp-Watch-AppTests";
				PRODUCT_NAME = "$(TARGET_NAME)";
				SDKROOT = watchos;
				SWIFT_EMIT_LOC_STRINGS = NO;
				SWIFT_VERSION = 5.0;
				TARGETED_DEVICE_FAMILY = 4;
				TEST_HOST = "$(BUILT_PRODUCTS_DIR)/TestApp Watch App.app/$(BUNDLE_EXECUTABLE_FOLDER_PATH)/TestApp Watch App";
				VALIDATE_PRODUCT = YES;
				WATCHOS_DEPLOYMENT_TARGET = 10.0;
			};
			name = Release;
		};
		C938287F2C4F98EF002B2040 /* Debug */ = {
			isa = XCBuildConfiguration;
			buildSettings = {
				ALWAYS_EMBED_SWIFT_STANDARD_LIBRARIES = YES;
				CODE_SIGN_STYLE = Automatic;
				CURRENT_PROJECT_VERSION = 1;
				DEVELOPMENT_TEAM = AXQN2FKW9Y;
				GENERATE_INFOPLIST_FILE = YES;
				MARKETING_VERSION = 1.0;
				PRODUCT_BUNDLE_IDENTIFIER = "MattBryant.TestApp-Watch-AppUITests";
				PRODUCT_NAME = "$(TARGET_NAME)";
				SDKROOT = watchos;
				SWIFT_EMIT_LOC_STRINGS = NO;
				SWIFT_VERSION = 5.0;
				TARGETED_DEVICE_FAMILY = 4;
				TEST_TARGET_NAME = "TestApp Watch App";
				WATCHOS_DEPLOYMENT_TARGET = 10.0;
			};
			name = Debug;
		};
		C93828802C4F98EF002B2040 /* Release */ = {
			isa = XCBuildConfiguration;
			buildSettings = {
				ALWAYS_EMBED_SWIFT_STANDARD_LIBRARIES = YES;
				CODE_SIGN_STYLE = Automatic;
				CURRENT_PROJECT_VERSION = 1;
				DEVELOPMENT_TEAM = AXQN2FKW9Y;
				GENERATE_INFOPLIST_FILE = YES;
				MARKETING_VERSION = 1.0;
				PRODUCT_BUNDLE_IDENTIFIER = "MattBryant.TestApp-Watch-AppUITests";
				PRODUCT_NAME = "$(TARGET_NAME)";
				SDKROOT = watchos;
				SWIFT_EMIT_LOC_STRINGS = NO;
				SWIFT_VERSION = 5.0;
				TARGETED_DEVICE_FAMILY = 4;
				TEST_TARGET_NAME = "TestApp Watch App";
				VALIDATE_PRODUCT = YES;
				WATCHOS_DEPLOYMENT_TARGET = 10.0;
			};
			name = Release;
		};
/* End XCBuildConfiguration section */

/* Begin XCConfigurationList section */
		C93828452C4F98ED002B2040 /* Build configuration list for PBXProject "TestApp" */ = {
			isa = XCConfigurationList;
			buildConfigurations = (
				C93828722C4F98EF002B2040 /* Debug */,
				C93828732C4F98EF002B2040 /* Release */,
			);
			defaultConfigurationIsVisible = 0;
			defaultConfigurationName = Release;
		};
		C93828742C4F98EF002B2040 /* Build configuration list for PBXNativeTarget "TestApp Watch App" */ = {
			isa = XCConfigurationList;
			buildConfigurations = (
				C93828752C4F98EF002B2040 /* Debug */,
				C93828762C4F98EF002B2040 /* Release */,
			);
			defaultConfigurationIsVisible = 0;
			defaultConfigurationName = Release;
		};
		C93828782C4F98EF002B2040 /* Build configuration list for PBXNativeTarget "TestApp" */ = {
			isa = XCConfigurationList;
			buildConfigurations = (
				C93828792C4F98EF002B2040 /* Debug */,
				C938287A2C4F98EF002B2040 /* Release */,
			);
			defaultConfigurationIsVisible = 0;
			defaultConfigurationName = Release;
		};
		C938287B2C4F98EF002B2040 /* Build configuration list for PBXNativeTarget "TestApp Watch AppTests" */ = {
			isa = XCConfigurationList;
			buildConfigurations = (
				C938287C2C4F98EF002B2040 /* Debug */,
				C938287D2C4F98EF002B2040 /* Release */,
			);
			defaultConfigurationIsVisible = 0;
			defaultConfigurationName = Release;
		};
		C938287E2C4F98EF002B2040 /* Build configuration list for PBXNativeTarget "TestApp Watch AppUITests" */ = {
			isa = XCConfigurationList;
			buildConfigurations = (
				C938287F2C4F98EF002B2040 /* Debug */,
				C93828802C4F98EF002B2040 /* Release */,
			);
			defaultConfigurationIsVisible = 0;
			defaultConfigurationName = Release;
		};
/* End XCConfigurationList section */
	};
	rootObject = C93828422C4F98ED002B2040 /* Project object */;
}
